// !$*UTF8*$!
{
	archiveVersion = 1;
	classes = {
	};
	objectVersion = 46;
	objects = {

/* Begin PBXBuildFile section */
		818B59DA14C27A160016F817 /* UIKit.framework in Frameworks */ = {isa = PBXBuildFile; fileRef = 818B59D914C27A160016F817 /* UIKit.framework */; };
		818B59DC14C27A160016F817 /* Foundation.framework in Frameworks */ = {isa = PBXBuildFile; fileRef = 818B59DB14C27A160016F817 /* Foundation.framework */; };
		818B59DE14C27A160016F817 /* CoreGraphics.framework in Frameworks */ = {isa = PBXBuildFile; fileRef = 818B59DD14C27A160016F817 /* CoreGraphics.framework */; };
		818B59E414C27A160016F817 /* InfoPlist.strings in Resources */ = {isa = PBXBuildFile; fileRef = 818B59E214C27A160016F817 /* InfoPlist.strings */; };
		818B59E614C27A160016F817 /* main.m in Sources */ = {isa = PBXBuildFile; fileRef = 818B59E514C27A160016F817 /* main.m */; };
		818B59EA14C27A170016F817 /* AppDelegate.m in Sources */ = {isa = PBXBuildFile; fileRef = 818B59E914C27A170016F817 /* AppDelegate.m */; };
		818B59ED14C27A170016F817 /* MainStoryboard_iPhone.storyboard in Resources */ = {isa = PBXBuildFile; fileRef = 818B59EB14C27A170016F817 /* MainStoryboard_iPhone.storyboard */; };
		818B59F014C27A170016F817 /* MainStoryboard_iPad.storyboard in Resources */ = {isa = PBXBuildFile; fileRef = 818B59EE14C27A170016F817 /* MainStoryboard_iPad.storyboard */; };
		818B59F314C27A170016F817 /* ViewController.m in Sources */ = {isa = PBXBuildFile; fileRef = 818B59F214C27A170016F817 /* ViewController.m */; };
		818B59FB14C27A170016F817 /* SenTestingKit.framework in Frameworks */ = {isa = PBXBuildFile; fileRef = 818B59FA14C27A170016F817 /* SenTestingKit.framework */; };
		818B59FC14C27A170016F817 /* UIKit.framework in Frameworks */ = {isa = PBXBuildFile; fileRef = 818B59D914C27A160016F817 /* UIKit.framework */; };
		818B59FD14C27A170016F817 /* Foundation.framework in Frameworks */ = {isa = PBXBuildFile; fileRef = 818B59DB14C27A160016F817 /* Foundation.framework */; };
		818B5A0514C27A170016F817 /* InfoPlist.strings in Resources */ = {isa = PBXBuildFile; fileRef = 818B5A0314C27A170016F817 /* InfoPlist.strings */; };
		818B5A0814C27A170016F817 /* sliderTests.m in Sources */ = {isa = PBXBuildFile; fileRef = 818B5A0714C27A170016F817 /* sliderTests.m */; };
		81C3C4F614C33D6D0018F917 /* Geta.jpg in Resources */ = {isa = PBXBuildFile; fileRef = 81C3C4F514C33D6D0018F917 /* Geta.jpg */; };
		81C3C4F814C33DEF0018F917 /* Gunsen (Fan) .gif in Resources */ = {isa = PBXBuildFile; fileRef = 81C3C4F714C33DEF0018F917 /* Gunsen (Fan) .gif */; };
/* End PBXBuildFile section */

/* Begin PBXContainerItemProxy section */
		818B59FE14C27A170016F817 /* PBXContainerItemProxy */ = {
			isa = PBXContainerItemProxy;
			containerPortal = 818B59CC14C27A160016F817 /* Project object */;
			proxyType = 1;
			remoteGlobalIDString = 818B59D414C27A160016F817;
			remoteInfo = slider;
		};
/* End PBXContainerItemProxy section */

/* Begin PBXFileReference section */
		818B59D514C27A160016F817 /* slider.app */ = {isa = PBXFileReference; explicitFileType = wrapper.application; includeInIndex = 0; path = slider.app; sourceTree = BUILT_PRODUCTS_DIR; };
		818B59D914C27A160016F817 /* UIKit.framework */ = {isa = PBXFileReference; lastKnownFileType = wrapper.framework; name = UIKit.framework; path = System/Library/Frameworks/UIKit.framework; sourceTree = SDKROOT; };
		818B59DB14C27A160016F817 /* Foundation.framework */ = {isa = PBXFileReference; lastKnownFileType = wrapper.framework; name = Foundation.framework; path = System/Library/Frameworks/Foundation.framework; sourceTree = SDKROOT; };
		818B59DD14C27A160016F817 /* CoreGraphics.framework */ = {isa = PBXFileReference; lastKnownFileType = wrapper.framework; name = CoreGraphics.framework; path = System/Library/Frameworks/CoreGraphics.framework; sourceTree = SDKROOT; };
		818B59E114C27A160016F817 /* slider-Info.plist */ = {isa = PBXFileReference; lastKnownFileType = text.plist.xml; path = "slider-Info.plist"; sourceTree = "<group>"; };
		818B59E314C27A160016F817 /* en */ = {isa = PBXFileReference; lastKnownFileType = text.plist.strings; name = en; path = en.lproj/InfoPlist.strings; sourceTree = "<group>"; };
		818B59E514C27A160016F817 /* main.m */ = {isa = PBXFileReference; lastKnownFileType = sourcecode.c.objc; path = main.m; sourceTree = "<group>"; };
		818B59E714C27A160016F817 /* slider-Prefix.pch */ = {isa = PBXFileReference; lastKnownFileType = sourcecode.c.h; path = "slider-Prefix.pch"; sourceTree = "<group>"; };
		818B59E814C27A170016F817 /* AppDelegate.h */ = {isa = PBXFileReference; lastKnownFileType = sourcecode.c.h; path = AppDelegate.h; sourceTree = "<group>"; };
		818B59E914C27A170016F817 /* AppDelegate.m */ = {isa = PBXFileReference; lastKnownFileType = sourcecode.c.objc; path = AppDelegate.m; sourceTree = "<group>"; };
		818B59EC14C27A170016F817 /* en */ = {isa = PBXFileReference; lastKnownFileType = file.storyboard; name = en; path = en.lproj/MainStoryboard_iPhone.storyboard; sourceTree = "<group>"; };
		818B59EF14C27A170016F817 /* en */ = {isa = PBXFileReference; lastKnownFileType = file.storyboard; name = en; path = en.lproj/MainStoryboard_iPad.storyboard; sourceTree = "<group>"; };
		818B59F114C27A170016F817 /* ViewController.h */ = {isa = PBXFileReference; lastKnownFileType = sourcecode.c.h; path = ViewController.h; sourceTree = "<group>"; };
		818B59F214C27A170016F817 /* ViewController.m */ = {isa = PBXFileReference; lastKnownFileType = sourcecode.c.objc; path = ViewController.m; sourceTree = "<group>"; };
		818B59F914C27A170016F817 /* sliderTests.octest */ = {isa = PBXFileReference; explicitFileType = wrapper.cfbundle; includeInIndex = 0; path = sliderTests.octest; sourceTree = BUILT_PRODUCTS_DIR; };
		818B59FA14C27A170016F817 /* SenTestingKit.framework */ = {isa = PBXFileReference; lastKnownFileType = wrapper.framework; name = SenTestingKit.framework; path = Library/Frameworks/SenTestingKit.framework; sourceTree = DEVELOPER_DIR; };
		818B5A0214C27A170016F817 /* sliderTests-Info.plist */ = {isa = PBXFileReference; lastKnownFileType = text.plist.xml; path = "sliderTests-Info.plist"; sourceTree = "<group>"; };
		818B5A0414C27A170016F817 /* en */ = {isa = PBXFileReference; lastKnownFileType = text.plist.strings; name = en; path = en.lproj/InfoPlist.strings; sourceTree = "<group>"; };
		818B5A0614C27A170016F817 /* sliderTests.h */ = {isa = PBXFileReference; lastKnownFileType = sourcecode.c.h; path = sliderTests.h; sourceTree = "<group>"; };
		818B5A0714C27A170016F817 /* sliderTests.m */ = {isa = PBXFileReference; lastKnownFileType = sourcecode.c.objc; path = sliderTests.m; sourceTree = "<group>"; };
		81C3C4F514C33D6D0018F917 /* Geta.jpg */ = {isa = PBXFileReference; lastKnownFileType = image.jpeg; path = Geta.jpg; sourceTree = "<group>"; };
		81C3C4F714C33DEF0018F917 /* Gunsen (Fan) .gif */ = {isa = PBXFileReference; lastKnownFileType = image.gif; path = "Gunsen (Fan) .gif"; sourceTree = "<group>"; };
/* End PBXFileReference section */

/* Begin PBXFrameworksBuildPhase section */
		818B59D214C27A160016F817 /* Frameworks */ = {
			isa = PBXFrameworksBuildPhase;
			buildActionMask = 2147483647;
			files = (
				818B59DA14C27A160016F817 /* UIKit.framework in Frameworks */,
				818B59DC14C27A160016F817 /* Foundation.framework in Frameworks */,
				818B59DE14C27A160016F817 /* CoreGraphics.framework in Frameworks */,
			);
			runOnlyForDeploymentPostprocessing = 0;
		};
		818B59F514C27A170016F817 /* Frameworks */ = {
			isa = PBXFrameworksBuildPhase;
			buildActionMask = 2147483647;
			files = (
				818B59FB14C27A170016F817 /* SenTestingKit.framework in Frameworks */,
				818B59FC14C27A170016F817 /* UIKit.framework in Frameworks */,
				818B59FD14C27A170016F817 /* Foundation.framework in Frameworks */,
			);
			runOnlyForDeploymentPostprocessing = 0;
		};
/* End PBXFrameworksBuildPhase section */

/* Begin PBXGroup section */
		818B59CA14C27A160016F817 = {
			isa = PBXGroup;
			children = (
				818B59DF14C27A160016F817 /* slider */,
				818B5A0014C27A170016F817 /* sliderTests */,
				818B59D814C27A160016F817 /* Frameworks */,
				818B59D614C27A160016F817 /* Products */,
			);
			sourceTree = "<group>";
		};
		818B59D614C27A160016F817 /* Products */ = {
			isa = PBXGroup;
			children = (
				818B59D514C27A160016F817 /* slider.app */,
				818B59F914C27A170016F817 /* sliderTests.octest */,
			);
			name = Products;
			sourceTree = "<group>";
		};
		818B59D814C27A160016F817 /* Frameworks */ = {
			isa = PBXGroup;
			children = (
				818B59D914C27A160016F817 /* UIKit.framework */,
				818B59DB14C27A160016F817 /* Foundation.framework */,
				818B59DD14C27A160016F817 /* CoreGraphics.framework */,
				818B59FA14C27A170016F817 /* SenTestingKit.framework */,
			);
			name = Frameworks;
			sourceTree = "<group>";
		};
		818B59DF14C27A160016F817 /* slider */ = {
			isa = PBXGroup;
			children = (
				818B59E814C27A170016F817 /* AppDelegate.h */,
				818B59E914C27A170016F817 /* AppDelegate.m */,
				818B59EB14C27A170016F817 /* MainStoryboard_iPhone.storyboard */,
				818B59EE14C27A170016F817 /* MainStoryboard_iPad.storyboard */,
				818B59F114C27A170016F817 /* ViewController.h */,
				818B59F214C27A170016F817 /* ViewController.m */,
				818B59E014C27A160016F817 /* Supporting Files */,
			);
			path = slider;
			sourceTree = "<group>";
		};
		818B59E014C27A160016F817 /* Supporting Files */ = {
			isa = PBXGroup;
			children = (
				818B59E114C27A160016F817 /* slider-Info.plist */,
				818B59E214C27A160016F817 /* InfoPlist.strings */,
				818B59E514C27A160016F817 /* main.m */,
				818B59E714C27A160016F817 /* slider-Prefix.pch */,
				81C3C4F514C33D6D0018F917 /* Geta.jpg */,
				81C3C4F714C33DEF0018F917 /* Gunsen (Fan) .gif */,
			);
			name = "Supporting Files";
			sourceTree = "<group>";
		};
		818B5A0014C27A170016F817 /* sliderTests */ = {
			isa = PBXGroup;
			children = (
				818B5A0614C27A170016F817 /* sliderTests.h */,
				818B5A0714C27A170016F817 /* sliderTests.m */,
				818B5A0114C27A170016F817 /* Supporting Files */,
			);
			path = sliderTests;
			sourceTree = "<group>";
		};
		818B5A0114C27A170016F817 /* Supporting Files */ = {
			isa = PBXGroup;
			children = (
				818B5A0214C27A170016F817 /* sliderTests-Info.plist */,
				818B5A0314C27A170016F817 /* InfoPlist.strings */,
			);
			name = "Supporting Files";
			sourceTree = "<group>";
		};
/* End PBXGroup section */

/* Begin PBXNativeTarget section */
		818B59D414C27A160016F817 /* slider */ = {
			isa = PBXNativeTarget;
			buildConfigurationList = 818B5A0B14C27A170016F817 /* Build configuration list for PBXNativeTarget "slider" */;
			buildPhases = (
				818B59D114C27A160016F817 /* Sources */,
				818B59D214C27A160016F817 /* Frameworks */,
				818B59D314C27A160016F817 /* Resources */,
			);
			buildRules = (
			);
			dependencies = (
			);
			name = slider;
			productName = slider;
			productReference = 818B59D514C27A160016F817 /* slider.app */;
			productType = "com.apple.product-type.application";
		};
		818B59F814C27A170016F817 /* sliderTests */ = {
			isa = PBXNativeTarget;
			buildConfigurationList = 818B5A0E14C27A170016F817 /* Build configuration list for PBXNativeTarget "sliderTests" */;
			buildPhases = (
				818B59F414C27A170016F817 /* Sources */,
				818B59F514C27A170016F817 /* Frameworks */,
				818B59F614C27A170016F817 /* Resources */,
				818B59F714C27A170016F817 /* ShellScript */,
			);
			buildRules = (
			);
			dependencies = (
				818B59FF14C27A170016F817 /* PBXTargetDependency */,
			);
			name = sliderTests;
			productName = sliderTests;
			productReference = 818B59F914C27A170016F817 /* sliderTests.octest */;
			productType = "com.apple.product-type.bundle";
		};
/* End PBXNativeTarget section */

/* Begin PBXProject section */
		818B59CC14C27A160016F817 /* Project object */ = {
			isa = PBXProject;
			attributes = {
				LastUpgradeCheck = 0420;
			};
			buildConfigurationList = 818B59CF14C27A160016F817 /* Build configuration list for PBXProject "slider" */;
			compatibilityVersion = "Xcode 3.2";
			developmentRegion = English;
			hasScannedForEncodings = 0;
			knownRegions = (
				en,
			);
			mainGroup = 818B59CA14C27A160016F817;
			productRefGroup = 818B59D614C27A160016F817 /* Products */;
			projectDirPath = "";
			projectRoot = "";
			targets = (
				818B59D414C27A160016F817 /* slider */,
				818B59F814C27A170016F817 /* sliderTests */,
			);
		};
/* End PBXProject section */

/* Begin PBXResourcesBuildPhase section */
		818B59D314C27A160016F817 /* Resources */ = {
			isa = PBXResourcesBuildPhase;
			buildActionMask = 2147483647;
			files = (
				818B59E414C27A160016F817 /* InfoPlist.strings in Resources */,
				818B59ED14C27A170016F817 /* MainStoryboard_iPhone.storyboard in Resources */,
				818B59F014C27A170016F817 /* MainStoryboard_iPad.storyboard in Resources */,
				81C3C4F614C33D6D0018F917 /* Geta.jpg in Resources */,
				81C3C4F814C33DEF0018F917 /* Gunsen (Fan) .gif in Resources */,
			);
			runOnlyForDeploymentPostprocessing = 0;
		};
		818B59F614C27A170016F817 /* Resources */ = {
			isa = PBXResourcesBuildPhase;
			buildActionMask = 2147483647;
			files = (
				818B5A0514C27A170016F817 /* InfoPlist.strings in Resources */,
			);
			runOnlyForDeploymentPostprocessing = 0;
		};
/* End PBXResourcesBuildPhase section */

/* Begin PBXShellScriptBuildPhase section */
		818B59F714C27A170016F817 /* ShellScript */ = {
			isa = PBXShellScriptBuildPhase;
			buildActionMask = 2147483647;
			files = (
			);
			inputPaths = (
			);
			outputPaths = (
			);
			runOnlyForDeploymentPostprocessing = 0;
			shellPath = /bin/sh;
			shellScript = "# Run the unit tests in this test bundle.\n\"${SYSTEM_DEVELOPER_DIR}/Tools/RunUnitTests\"\n";
		};
/* End PBXShellScriptBuildPhase section */

/* Begin PBXSourcesBuildPhase section */
		818B59D114C27A160016F817 /* Sources */ = {
			isa = PBXSourcesBuildPhase;
			buildActionMask = 2147483647;
			files = (
				818B59E614C27A160016F817 /* main.m in Sources */,
				818B59EA14C27A170016F817 /* AppDelegate.m in Sources */,
				818B59F314C27A170016F817 /* ViewController.m in Sources */,
			);
			runOnlyForDeploymentPostprocessing = 0;
		};
		818B59F414C27A170016F817 /* Sources */ = {
			isa = PBXSourcesBuildPhase;
			buildActionMask = 2147483647;
			files = (
				818B5A0814C27A170016F817 /* sliderTests.m in Sources */,
			);
			runOnlyForDeploymentPostprocessing = 0;
		};
/* End PBXSourcesBuildPhase section */

/* Begin PBXTargetDependency section */
		818B59FF14C27A170016F817 /* PBXTargetDependency */ = {
			isa = PBXTargetDependency;
			target = 818B59D414C27A160016F817 /* slider */;
			targetProxy = 818B59FE14C27A170016F817 /* PBXContainerItemProxy */;
		};
/* End PBXTargetDependency section */

/* Begin PBXVariantGroup section */
		818B59E214C27A160016F817 /* InfoPlist.strings */ = {
			isa = PBXVariantGroup;
			children = (
				818B59E314C27A160016F817 /* en */,
			);
			name = InfoPlist.strings;
			sourceTree = "<group>";
		};
		818B59EB14C27A170016F817 /* MainStoryboard_iPhone.storyboard */ = {
			isa = PBXVariantGroup;
			children = (
				818B59EC14C27A170016F817 /* en */,
			);
			name = MainStoryboard_iPhone.storyboard;
			sourceTree = "<group>";
		};
		818B59EE14C27A170016F817 /* MainStoryboard_iPad.storyboard */ = {
			isa = PBXVariantGroup;
			children = (
				818B59EF14C27A170016F817 /* en */,
			);
			name = MainStoryboard_iPad.storyboard;
			sourceTree = "<group>";
		};
		818B5A0314C27A170016F817 /* InfoPlist.strings */ = {
			isa = PBXVariantGroup;
			children = (
				818B5A0414C27A170016F817 /* en */,
			);
			name = InfoPlist.strings;
			sourceTree = "<group>";
		};
/* End PBXVariantGroup section */

/* Begin XCBuildConfiguration section */
		818B5A0914C27A170016F817 /* Debug */ = {
			isa = XCBuildConfiguration;
			buildSettings = {
				ALWAYS_SEARCH_USER_PATHS = NO;
				ARCHS = "$(ARCHS_STANDARD_32_BIT)";
				CLANG_ENABLE_OBJC_ARC = YES;
				"CODE_SIGN_IDENTITY[sdk=iphoneos*]" = "iPhone Developer";
				COPY_PHASE_STRIP = NO;
				GCC_C_LANGUAGE_STANDARD = gnu99;
				GCC_DYNAMIC_NO_PIC = NO;
				GCC_OPTIMIZATION_LEVEL = 0;
				GCC_PREPROCESSOR_DEFINITIONS = (
					"DEBUG=1",
					"$(inherited)",
				);
				GCC_SYMBOLS_PRIVATE_EXTERN = NO;
				GCC_VERSION = com.apple.compilers.llvm.clang.1_0;
				GCC_WARN_ABOUT_MISSING_PROTOTYPES = YES;
				GCC_WARN_ABOUT_RETURN_TYPE = YES;
				GCC_WARN_UNUSED_VARIABLE = YES;
				IPHONEOS_DEPLOYMENT_TARGET = 5.0;
				SDKROOT = iphoneos;
				TARGETED_DEVICE_FAMILY = "1,2";
			};
			name = Debug;
		};
		818B5A0A14C27A170016F817 /* Release */ = {
			isa = XCBuildConfiguration;
			buildSettings = {
				ALWAYS_SEARCH_USER_PATHS = NO;
				ARCHS = "$(ARCHS_STANDARD_32_BIT)";
				CLANG_ENABLE_OBJC_ARC = YES;
				"CODE_SIGN_IDENTITY[sdk=iphoneos*]" = "iPhone Developer";
				COPY_PHASE_STRIP = YES;
				GCC_C_LANGUAGE_STANDARD = gnu99;
				GCC_VERSION = com.apple.compilers.llvm.clang.1_0;
				GCC_WARN_ABOUT_MISSING_PROTOTYPES = YES;
				GCC_WARN_ABOUT_RETURN_TYPE = YES;
				GCC_WARN_UNUSED_VARIABLE = YES;
				IPHONEOS_DEPLOYMENT_TARGET = 5.0;
				OTHER_CFLAGS = "-DNS_BLOCK_ASSERTIONS=1";
				SDKROOT = iphoneos;
				TARGETED_DEVICE_FAMILY = "1,2";
				VALIDATE_PRODUCT = YES;
			};
			name = Release;
		};
		818B5A0C14C27A170016F817 /* Debug */ = {
			isa = XCBuildConfiguration;
			buildSettings = {
				GCC_PRECOMPILE_PREFIX_HEADER = YES;
				GCC_PREFIX_HEADER = "slider/slider-Prefix.pch";
				INFOPLIST_FILE = "slider/slider-Info.plist";
				PRODUCT_NAME = "$(TARGET_NAME)";
				TARGETED_DEVICE_FAMILY = "1,2";
				WRAPPER_EXTENSION = app;
			};
			name = Debug;
		};
		818B5A0D14C27A170016F817 /* Release */ = {
			isa = XCBuildConfiguration;
			buildSettings = {
				GCC_PRECOMPILE_PREFIX_HEADER = YES;
				GCC_PREFIX_HEADER = "slider/slider-Prefix.pch";
				INFOPLIST_FILE = "slider/slider-Info.plist";
				PRODUCT_NAME = "$(TARGET_NAME)";
				TARGETED_DEVICE_FAMILY = "1,2";
				WRAPPER_EXTENSION = app;
			};
			name = Release;
		};
		818B5A0F14C27A170016F817 /* Debug */ = {
			isa = XCBuildConfiguration;
			buildSettings = {
				BUNDLE_LOADER = "$(BUILT_PRODUCTS_DIR)/slider.app/slider";
				FRAMEWORK_SEARCH_PATHS = (
					"$(SDKROOT)/Developer/Library/Frameworks",
					"$(DEVELOPER_LIBRARY_DIR)/Frameworks",
				);
				GCC_PRECOMPILE_PREFIX_HEADER = YES;
				GCC_PREFIX_HEADER = "slider/slider-Prefix.pch";
				INFOPLIST_FILE = "sliderTests/sliderTests-Info.plist";
				PRODUCT_NAME = "$(TARGET_NAME)";
				TEST_HOST = "$(BUNDLE_LOADER)";
				WRAPPER_EXTENSION = octest;
			};
			name = Debug;
		};
		818B5A1014C27A170016F817 /* Release */ = {
			isa = XCBuildConfiguration;
			buildSettings = {
				BUNDLE_LOADER = "$(BUILT_PRODUCTS_DIR)/slider.app/slider";
				FRAMEWORK_SEARCH_PATHS = (
					"$(SDKROOT)/Developer/Library/Frameworks",
					"$(DEVELOPER_LIBRARY_DIR)/Frameworks",
				);
				GCC_PRECOMPILE_PREFIX_HEADER = YES;
				GCC_PREFIX_HEADER = "slider/slider-Prefix.pch";
				INFOPLIST_FILE = "sliderTests/sliderTests-Info.plist";
				PRODUCT_NAME = "$(TARGET_NAME)";
				TEST_HOST = "$(BUNDLE_LOADER)";
				WRAPPER_EXTENSION = octest;
			};
			name = Release;
		};
/* End XCBuildConfiguration section */

/* Begin XCConfigurationList section */
		818B59CF14C27A160016F817 /* Build configuration list for PBXProject "slider" */ = {
			isa = XCConfigurationList;
			buildConfigurations = (
				818B5A0914C27A170016F817 /* Debug */,
				818B5A0A14C27A170016F817 /* Release */,
			);
			defaultConfigurationIsVisible = 0;
			defaultConfigurationName = Release;
		};
		818B5A0B14C27A170016F817 /* Build configuration list for PBXNativeTarget "slider" */ = {
			isa = XCConfigurationList;
			buildConfigurations = (
				818B5A0C14C27A170016F817 /* Debug */,
				818B5A0D14C27A170016F817 /* Release */,
			);
			defaultConfigurationIsVisible = 0;
			defaultConfigurationName = Release;
		};
		818B5A0E14C27A170016F817 /* Build configuration list for PBXNativeTarget "sliderTests" */ = {
			isa = XCConfigurationList;
			buildConfigurations = (
				818B5A0F14C27A170016F817 /* Debug */,
				818B5A1014C27A170016F817 /* Release */,
			);
			defaultConfigurationIsVisible = 0;
			defaultConfigurationName = Release;
		};
/* End XCConfigurationList section */
	};
	rootObject = 818B59CC14C27A160016F817 /* Project object */;
}
